// !$*UTF8*$!
{
	archiveVersion = 1;
	classes = {
	};
	objectVersion = 46;
	objects = {

/* Begin PBXBuildFile section */
		CD277FBF1B2CA4EE003280CE /* AppDelegate.swift in Sources */ = {isa = PBXBuildFile; fileRef = CD277FBE1B2CA4EE003280CE /* AppDelegate.swift */; };
		CD277FC21B2CA4EE003280CE /* View.xcdatamodeld in Sources */ = {isa = PBXBuildFile; fileRef = CD277FC01B2CA4EE003280CE /* View.xcdatamodeld */; };
		CD277FC41B2CA4EE003280CE /* ViewController.swift in Sources */ = {isa = PBXBuildFile; fileRef = CD277FC31B2CA4EE003280CE /* ViewController.swift */; };
		CD277FC71B2CA4EE003280CE /* Main.storyboard in Resources */ = {isa = PBXBuildFile; fileRef = CD277FC51B2CA4EE003280CE /* Main.storyboard */; };
		CD277FC91B2CA4EE003280CE /* Images.xcassets in Resources */ = {isa = PBXBuildFile; fileRef = CD277FC81B2CA4EE003280CE /* Images.xcassets */; };
		CD277FD81B2CA4EF003280CE /* ViewTests.swift in Sources */ = {isa = PBXBuildFile; fileRef = CD277FD71B2CA4EF003280CE /* ViewTests.swift */; };
		CD277FE21B2CA885003280CE /* ViewController2.swift in Sources */ = {isa = PBXBuildFile; fileRef = CD277FE11B2CA885003280CE /* ViewController2.swift */; };
/* End PBXBuildFile section */

/* Begin PBXContainerItemProxy section */
		CD277FD21B2CA4EF003280CE /* PBXContainerItemProxy */ = {
			isa = PBXContainerItemProxy;
			containerPortal = CD277FB11B2CA4EE003280CE /* Project object */;
			proxyType = 1;
			remoteGlobalIDString = CD277FB81B2CA4EE003280CE;
			remoteInfo = View;
		};
/* End PBXContainerItemProxy section */

/* Begin PBXFileReference section */
		CD277FB91B2CA4EE003280CE /* View.app */ = {isa = PBXFileReference; explicitFileType = wrapper.application; includeInIndex = 0; path = View.app; sourceTree = BUILT_PRODUCTS_DIR; };
		CD277FBD1B2CA4EE003280CE /* Info.plist */ = {isa = PBXFileReference; lastKnownFileType = text.plist.xml; path = Info.plist; sourceTree = "<group>"; };
		CD277FBE1B2CA4EE003280CE /* AppDelegate.swift */ = {isa = PBXFileReference; lastKnownFileType = sourcecode.swift; path = AppDelegate.swift; sourceTree = "<group>"; };
		CD277FC11B2CA4EE003280CE /* View.xcdatamodel */ = {isa = PBXFileReference; lastKnownFileType = wrapper.xcdatamodel; path = View.xcdatamodel; sourceTree = "<group>"; };
		CD277FC31B2CA4EE003280CE /* ViewController.swift */ = {isa = PBXFileReference; lastKnownFileType = sourcecode.swift; path = ViewController.swift; sourceTree = "<group>"; };
		CD277FC61B2CA4EE003280CE /* Base */ = {isa = PBXFileReference; lastKnownFileType = file.storyboard; name = Base; path = Base.lproj/Main.storyboard; sourceTree = "<group>"; };
		CD277FC81B2CA4EE003280CE /* Images.xcassets */ = {isa = PBXFileReference; lastKnownFileType = folder.assetcatalog; path = Images.xcassets; sourceTree = "<group>"; };
		CD277FD11B2CA4EF003280CE /* ViewTests.xctest */ = {isa = PBXFileReference; explicitFileType = wrapper.cfbundle; includeInIndex = 0; path = ViewTests.xctest; sourceTree = BUILT_PRODUCTS_DIR; };
		CD277FD61B2CA4EF003280CE /* Info.plist */ = {isa = PBXFileReference; lastKnownFileType = text.plist.xml; path = Info.plist; sourceTree = "<group>"; };
		CD277FD71B2CA4EF003280CE /* ViewTests.swift */ = {isa = PBXFileReference; lastKnownFileType = sourcecode.swift; path = ViewTests.swift; sourceTree = "<group>"; };
		CD277FE11B2CA885003280CE /* ViewController2.swift */ = {isa = PBXFileReference; fileEncoding = 4; lastKnownFileType = sourcecode.swift; path = ViewController2.swift; sourceTree = "<group>"; };
/* End PBXFileReference section */

/* Begin PBXFrameworksBuildPhase section */
		CD277FB61B2CA4EE003280CE /* Frameworks */ = {
			isa = PBXFrameworksBuildPhase;
			buildActionMask = 2147483647;
			files = (
			);
			runOnlyForDeploymentPostprocessing = 0;
		};
		CD277FCE1B2CA4EF003280CE /* Frameworks */ = {
			isa = PBXFrameworksBuildPhase;
			buildActionMask = 2147483647;
			files = (
			);
			runOnlyForDeploymentPostprocessing = 0;
		};
/* End PBXFrameworksBuildPhase section */

/* Begin PBXGroup section */
		CD277FB01B2CA4EE003280CE = {
			isa = PBXGroup;
			children = (
				CD277FBB1B2CA4EE003280CE /* View */,
				CD277FD41B2CA4EF003280CE /* ViewTests */,
				CD277FBA1B2CA4EE003280CE /* Products */,
			);
			sourceTree = "<group>";
		};
		CD277FBA1B2CA4EE003280CE /* Products */ = {
			isa = PBXGroup;
			children = (
				CD277FB91B2CA4EE003280CE /* View.app */,
				CD277FD11B2CA4EF003280CE /* ViewTests.xctest */,
			);
			name = Products;
			sourceTree = "<group>";
		};
		CD277FBB1B2CA4EE003280CE /* View */ = {
			isa = PBXGroup;
			children = (
				CD277FBE1B2CA4EE003280CE /* AppDelegate.swift */,
				CD277FC31B2CA4EE003280CE /* ViewController.swift */,
				CD277FE11B2CA885003280CE /* ViewController2.swift */,
				CD277FC51B2CA4EE003280CE /* Main.storyboard */,
				CD277FC81B2CA4EE003280CE /* Images.xcassets */,
				CD277FC01B2CA4EE003280CE /* View.xcdatamodeld */,
				CD277FBC1B2CA4EE003280CE /* Supporting Files */,
			);
			path = View;
			sourceTree = "<group>";
		};
		CD277FBC1B2CA4EE003280CE /* Supporting Files */ = {
			isa = PBXGroup;
			children = (
				CD277FBD1B2CA4EE003280CE /* Info.plist */,
			);
			name = "Supporting Files";
			sourceTree = "<group>";
		};
		CD277FD41B2CA4EF003280CE /* ViewTests */ = {
			isa = PBXGroup;
			children = (
				CD277FD71B2CA4EF003280CE /* ViewTests.swift */,
				CD277FD51B2CA4EF003280CE /* Supporting Files */,
			);
			path = ViewTests;
			sourceTree = "<group>";
		};
		CD277FD51B2CA4EF003280CE /* Supporting Files */ = {
			isa = PBXGroup;
			children = (
				CD277FD61B2CA4EF003280CE /* Info.plist */,
			);
			name = "Supporting Files";
			sourceTree = "<group>";
		};
/* End PBXGroup section */

/* Begin PBXNativeTarget section */
		CD277FB81B2CA4EE003280CE /* View */ = {
			isa = PBXNativeTarget;
			buildConfigurationList = CD277FDB1B2CA4EF003280CE /* Build configuration list for PBXNativeTarget "View" */;
			buildPhases = (
				CD277FB51B2CA4EE003280CE /* Sources */,
				CD277FB61B2CA4EE003280CE /* Frameworks */,
				CD277FB71B2CA4EE003280CE /* Resources */,
			);
			buildRules = (
			);
			dependencies = (
			);
			name = View;
			productName = View;
			productReference = CD277FB91B2CA4EE003280CE /* View.app */;
			productType = "com.apple.product-type.application";
		};
		CD277FD01B2CA4EF003280CE /* ViewTests */ = {
			isa = PBXNativeTarget;
			buildConfigurationList = CD277FDE1B2CA4EF003280CE /* Build configuration list for PBXNativeTarget "ViewTests" */;
			buildPhases = (
				CD277FCD1B2CA4EF003280CE /* Sources */,
				CD277FCE1B2CA4EF003280CE /* Frameworks */,
				CD277FCF1B2CA4EF003280CE /* Resources */,
			);
			buildRules = (
			);
			dependencies = (
				CD277FD31B2CA4EF003280CE /* PBXTargetDependency */,
			);
			name = ViewTests;
			productName = ViewTests;
			productReference = CD277FD11B2CA4EF003280CE /* ViewTests.xctest */;
			productType = "com.apple.product-type.bundle.unit-test";
		};
/* End PBXNativeTarget section */

/* Begin PBXProject section */
		CD277FB11B2CA4EE003280CE /* Project object */ = {
			isa = PBXProject;
			attributes = {
				LastUpgradeCheck = 0630;
				ORGANIZATIONNAME = "patrick zierahn";
				TargetAttributes = {
					CD277FB81B2CA4EE003280CE = {
						CreatedOnToolsVersion = 6.3.2;
					};
					CD277FD01B2CA4EF003280CE = {
						CreatedOnToolsVersion = 6.3.2;
						TestTargetID = CD277FB81B2CA4EE003280CE;
					};
				};
			};
			buildConfigurationList = CD277FB41B2CA4EE003280CE /* Build configuration list for PBXProject "View" */;
			compatibilityVersion = "Xcode 3.2";
			developmentRegion = English;
			hasScannedForEncodings = 0;
			knownRegions = (
				en,
				Base,
			);
			mainGroup = CD277FB01B2CA4EE003280CE;
			productRefGroup = CD277FBA1B2CA4EE003280CE /* Products */;
			projectDirPath = "";
			projectRoot = "";
			targets = (
				CD277FB81B2CA4EE003280CE /* View */,
				CD277FD01B2CA4EF003280CE /* ViewTests */,
			);
		};
/* End PBXProject section */

/* Begin PBXResourcesBuildPhase section */
		CD277FB71B2CA4EE003280CE /* Resources */ = {
			isa = PBXResourcesBuildPhase;
			buildActionMask = 2147483647;
			files = (
				CD277FC71B2CA4EE003280CE /* Main.storyboard in Resources */,
				CD277FC91B2CA4EE003280CE /* Images.xcassets in Resources */,
			);
			runOnlyForDeploymentPostprocessing = 0;
		};
		CD277FCF1B2CA4EF003280CE /* Resources */ = {
			isa = PBXResourcesBuildPhase;
			buildActionMask = 2147483647;
			files = (
			);
			runOnlyForDeploymentPostprocessing = 0;
		};
/* End PBXResourcesBuildPhase section */

/* Begin PBXSourcesBuildPhase section */
		CD277FB51B2CA4EE003280CE /* Sources */ = {
			isa = PBXSourcesBuildPhase;
			buildActionMask = 2147483647;
			files = (
				CD277FC41B2CA4EE003280CE /* ViewController.swift in Sources */,
				CD277FE21B2CA885003280CE /* ViewController2.swift in Sources */,
				CD277FC21B2CA4EE003280CE /* View.xcdatamodeld in Sources */,
				CD277FBF1B2CA4EE003280CE /* AppDelegate.swift in Sources */,
			);
			runOnlyForDeploymentPostprocessing = 0;
		};
		CD277FCD1B2CA4EF003280CE /* Sources */ = {
			isa = PBXSourcesBuildPhase;
			buildActionMask = 2147483647;
			files = (
				CD277FD81B2CA4EF003280CE /* ViewTests.swift in Sources */,
			);
			runOnlyForDeploymentPostprocessing = 0;
		};
/* End PBXSourcesBuildPhase section */

/* Begin PBXTargetDependency section */
		CD277FD31B2CA4EF003280CE /* PBXTargetDependency */ = {
			isa = PBXTargetDependency;
			target = CD277FB81B2CA4EE003280CE /* View */;
			targetProxy = CD277FD21B2CA4EF003280CE /* PBXContainerItemProxy */;
		};
/* End PBXTargetDependency section */

/* Begin PBXVariantGroup section */
		CD277FC51B2CA4EE003280CE /* Main.storyboard */ = {
			isa = PBXVariantGroup;
			children = (
				CD277FC61B2CA4EE003280CE /* Base */,
			);
			name = Main.storyboard;
			sourceTree = "<group>";
		};
/* End PBXVariantGroup section */

/* Begin XCBuildConfiguration section */
		CD277FD91B2CA4EF003280CE /* Debug */ = {
			isa = XCBuildConfiguration;
			buildSettings = {
				ALWAYS_SEARCH_USER_PATHS = NO;
				CLANG_CXX_LANGUAGE_STANDARD = "gnu++0x";
				CLANG_CXX_LIBRARY = "libc++";
				CLANG_ENABLE_MODULES = YES;
				CLANG_ENABLE_OBJC_ARC = YES;
				CLANG_WARN_BOOL_CONVERSION = YES;
				CLANG_WARN_CONSTANT_CONVERSION = YES;
				CLANG_WARN_DIRECT_OBJC_ISA_USAGE = YES_ERROR;
				CLANG_WARN_EMPTY_BODY = YES;
				CLANG_WARN_ENUM_CONVERSION = YES;
				CLANG_WARN_INT_CONVERSION = YES;
				CLANG_WARN_OBJC_ROOT_CLASS = YES_ERROR;
				CLANG_WARN_UNREACHABLE_CODE = YES;
				CLANG_WARN__DUPLICATE_METHOD_MATCH = YES;
				"CODE_SIGN_IDENTITY[sdk=iphoneos*]" = "iPhone Developer";
				COPY_PHASE_STRIP = NO;
				DEBUG_INFORMATION_FORMAT = "dwarf-with-dsym";
				ENABLE_STRICT_OBJC_MSGSEND = YES;
				GCC_C_LANGUAGE_STANDARD = gnu99;
				GCC_DYNAMIC_NO_PIC = NO;
				GCC_NO_COMMON_BLOCKS = YES;
				GCC_OPTIMIZATION_LEVEL = 0;
				GCC_PREPROCESSOR_DEFINITIONS = (
					"DEBUG=1",
					"$(inherited)",
				);
				GCC_SYMBOLS_PRIVATE_EXTERN = NO;
				GCC_WARN_64_TO_32_BIT_CONVERSION = YES;
				GCC_WARN_ABOUT_RETURN_TYPE = YES_ERROR;
				GCC_WARN_UNDECLARED_SELECTOR = YES;
				GCC_WARN_UNINITIALIZED_AUTOS = YES_AGGRESSIVE;
				GCC_WARN_UNUSED_FUNCTION = YES;
				GCC_WARN_UNUSED_VARIABLE = YES;
				IPHONEOS_DEPLOYMENT_TARGET = 8.3;
				MTL_ENABLE_DEBUG_INFO = YES;
				ONLY_ACTIVE_ARCH = YES;
				SDKROOT = iphoneos;
				SWIFT_OPTIMIZATION_LEVEL = "-Onone";
			};
			name = Debug;
		};
		CD277FDA1B2CA4EF003280CE /* Release */ = {
			isa = XCBuildConfiguration;
			buildSettings = {
				ALWAYS_SEARCH_USER_PATHS = NO;
				CLANG_CXX_LANGUAGE_STANDARD = "gnu++0x";
				CLANG_CXX_LIBRARY = "libc++";
				CLANG_ENABLE_MODULES = YES;
				CLANG_ENABLE_OBJC_ARC = YES;
				CLANG_WARN_BOOL_CONVERSION = YES;
				CLANG_WARN_CONSTANT_CONVERSION = YES;
				CLANG_WARN_DIRECT_OBJC_ISA_USAGE = YES_ERROR;
				CLANG_WARN_EMPTY_BODY = YES;
				CLANG_WARN_ENUM_CONVERSION = YES;
				CLANG_WARN_INT_CONVERSION = YES;
				CLANG_WARN_OBJC_ROOT_CLASS = YES_ERROR;
				CLANG_WARN_UNREACHABLE_CODE = YES;
				CLANG_WARN__DUPLICATE_METHOD_MATCH = YES;
				"CODE_SIGN_IDENTITY[sdk=iphoneos*]" = "iPhone Developer";
				COPY_PHASE_STRIP = NO;
				DEBUG_INFORMATION_FORMAT = "dwarf-with-dsym";
				ENABLE_NS_ASSERTIONS = NO;
				ENABLE_STRICT_OBJC_MSGSEND = YES;
				GCC_C_LANGUAGE_STANDARD = gnu99;
				GCC_NO_COMMON_BLOCKS = YES;
				GCC_WARN_64_TO_32_BIT_CONVERSION = YES;
				GCC_WARN_ABOUT_RETURN_TYPE = YES_ERROR;
				GCC_WARN_UNDECLARED_SELECTOR = YES;
				GCC_WARN_UNINITIALIZED_AUTOS = YES_AGGRESSIVE;
				GCC_WARN_UNUSED_FUNCTION = YES;
				GCC_WARN_UNUSED_VARIABLE = YES;
				IPHONEOS_DEPLOYMENT_TARGET = 8.3;
				MTL_ENABLE_DEBUG_INFO = NO;
				SDKROOT = iphoneos;
				VALIDATE_PRODUCT = YES;
			};
			name = Release;
		};
		CD277FDC1B2CA4EF003280CE /* Debug */ = {
			isa = XCBuildConfiguration;
			buildSettings = {
				ASSETCATALOG_COMPILER_APPICON_NAME = AppIcon;
				INFOPLIST_FILE = View/Info.plist;
				LD_RUNPATH_SEARCH_PATHS = "$(inherited) @executable_path/Frameworks";
				PRODUCT_NAME = "$(TARGET_NAME)";
			};
			name = Debug;
		};
		CD277FDD1B2CA4EF003280CE /* Release */ = {
			isa = XCBuildConfiguration;
			buildSettings = {
				ASSETCATALOG_COMPILER_APPICON_NAME = AppIcon;
				INFOPLIST_FILE = View/Info.plist;
				LD_RUNPATH_SEARCH_PATHS = "$(inherited) @executable_path/Frameworks";
				PRODUCT_NAME = "$(TARGET_NAME)";
			};
			name = Release;
		};
		CD277FDF1B2CA4EF003280CE /* Debug */ = {
			isa = XCBuildConfiguration;
			buildSettings = {
				BUNDLE_LOADER = "$(TEST_HOST)";
				FRAMEWORK_SEARCH_PATHS = (
					"$(SDKROOT)/Developer/Library/Frameworks",
					"$(inherited)",
				);
				GCC_PREPROCESSOR_DEFINITIONS = (
					"DEBUG=1",
					"$(inherited)",
				);
				INFOPLIST_FILE = ViewTests/Info.plist;
				LD_RUNPATH_SEARCH_PATHS = "$(inherited) @executable_path/Frameworks @loader_path/Frameworks";
				PRODUCT_NAME = "$(TARGET_NAME)";
				TEST_HOST = "$(BUILT_PRODUCTS_DIR)/View.app/View";
			};
			name = Debug;
		};
		CD277FE01B2CA4EF003280CE /* Release */ = {
			isa = XCBuildConfiguration;
			buildSettings = {
				BUNDLE_LOADER = "$(TEST_HOST)";
				FRAMEWORK_SEARCH_PATHS = (
					"$(SDKROOT)/Developer/Library/Frameworks",
					"$(inherited)",
				);
				INFOPLIST_FILE = ViewTests/Info.plist;
				LD_RUNPATH_SEARCH_PATHS = "$(inherited) @executable_path/Frameworks @loader_path/Frameworks";
				PRODUCT_NAME = "$(TARGET_NAME)";
				TEST_HOST = "$(BUILT_PRODUCTS_DIR)/View.app/View";
			};
			name = Release;
		};
/* End XCBuildConfiguration section */

/* Begin XCConfigurationList section */
		CD277FB41B2CA4EE003280CE /* Build configuration list for PBXProject "View" */ = {
			isa = XCConfigurationList;
			buildConfigurations = (
				CD277FD91B2CA4EF003280CE /* Debug */,
				CD277FDA1B2CA4EF003280CE /* Release */,
			);
			defaultConfigurationIsVisible = 0;
			defaultConfigurationName = Release;
		};
		CD277FDB1B2CA4EF003280CE /* Build configuration list for PBXNativeTarget "View" */ = {
			isa = XCConfigurationList;
			buildConfigurations = (
				CD277FDC1B2CA4EF003280CE /* Debug */,
				CD277FDD1B2CA4EF003280CE /* Release */,
			);
			defaultConfigurationIsVisible = 0;
			defaultConfigurationName = Release;
		};
		CD277FDE1B2CA4EF003280CE /* Build configuration list for PBXNativeTarget "ViewTests" */ = {
			isa = XCConfigurationList;
			buildConfigurations = (
				CD277FDF1B2CA4EF003280CE /* Debug */,
				CD277FE01B2CA4EF003280CE /* Release */,
			);
			defaultConfigurationIsVisible = 0;
			defaultConfigurationName = Release;
		};
/* End XCConfigurationList section */

/* Begin XCVersionGroup section */
		CD277FC01B2CA4EE003280CE /* View.xcdatamodeld */ = {
			isa = XCVersionGroup;
			children = (
				CD277FC11B2CA4EE003280CE /* View.xcdatamodel */,
			);
			currentVersion = CD277FC11B2CA4EE003280CE /* View.xcdatamodel */;
			path = View.xcdatamodeld;
			sourceTree = "<group>";
			versionGroupType = wrapper.xcdatamodel;
		};
/* End XCVersionGroup section */
	};
	rootObject = CD277FB11B2CA4EE003280CE /* Project object */;
}
